
Microsoft Visual Studio Solution File, Format Version 12.00
# Visual Studio Version 17
VisualStudioVersion = 17.11.35327.3
MinimumVisualStudioVersion = 10.0.40219.1
Project("{FAE04EC0-301F-11D3-BF4B-00C04F79EFBC}") = "Margoi_Cornel_Lab2", "Margoi_Cornel_Lab2.csproj", "{079DA30E-37A1-4525-85D3-846C48A54333}"
EndProject
Global
	GlobalSection(SolutionConfigurationPlatforms) = preSolution
		Debug|Any CPU = Debug|Any CPU
		Release|Any CPU = Release|Any CPU
	EndGlobalSection
	GlobalSection(ProjectConfigurationPlatforms) = postSolution
		{079DA30E-37A1-4525-85D3-846C48A54333}.Debug|Any CPU.ActiveCfg = Debug|Any CPU
		{079DA30E-37A1-4525-85D3-846C48A54333}.Debug|Any CPU.Build.0 = Debug|Any CPU
		{079DA30E-37A1-4525-85D3-846C48A54333}.Release|Any CPU.ActiveCfg = Release|Any CPU
		{079DA30E-37A1-4525-85D3-846C48A54333}.Release|Any CPU.Build.0 = Release|Any CPU
	EndGlobalSection
	GlobalSection(SolutionProperties) = preSolution
		HideSolutionNode = FALSE
	EndGlobalSection
	GlobalSection(ExtensibilityGlobals) = postSolution
		SolutionGuid = {BF081917-D85A-4E3D-81AD-BB2FE5DE660D}
	EndGlobalSection
EndGlobal
